
Microsoft Visual Studio Solution File, Format Version 12.00
# Visual Studio 15
VisualStudioVersion = 15.0.27428.2002
MinimumVisualStudioVersion = 10.0.40219.1
Project("{8BC9CEB8-8B4A-11D0-8D11-00A0C91BC942}") = "ModernCPP", "ModernCPP\ModernCPP.vcxproj", "{0D8637E2-89DD-4600-9576-22D2E28079EF}"
EndProject
Project("{2150E333-8FDC-42A3-9474-1A3956D46DE8}") = "Features", "Features", "{ADE55B18-FBC5-483B-B6CB-88236C12DF20}"
EndProject
Project("{8BC9CEB8-8B4A-11D0-8D11-00A0C91BC942}") = "CPP11Features", "Features\CPP11Features\CPP11Features.vcxproj", "{07253194-3F50-45E4-A391-BE2AB1A5EB0B}"
EndProject
Project("{8BC9CEB8-8B4A-11D0-8D11-00A0C91BC942}") = "ClassicCPP", "ClassicCPP\ClassicCPP.vcxproj", "{9A4D9D75-3643-4F72-AE5F-8F9C369C0BCC}"
EndProject
Project("{8BC9CEB8-8B4A-11D0-8D11-00A0C91BC942}") = "CPP14Features", "CPP14Features\CPP14Features.vcxproj", "{3A37F6ED-E921-44C0-95E3-33BDFC5CC115}"
EndProject
Project("{FAE04EC0-301F-11D3-BF4B-00C04F79EFBC}") = "CSharpExamples", "CSharpExamples\CSharpExamples.csproj", "{DA32B87A-EDB7-4235-A7B6-A8D433E5DC5B}"
EndProject
Global
	GlobalSection(SolutionConfigurationPlatforms) = preSolution
		CPP11 Debug|Any CPU = CPP11 Debug|Any CPU
		CPP11 Debug|x64 = CPP11 Debug|x64
		CPP11 Debug|x86 = CPP11 Debug|x86
		CPP14 Debug|Any CPU = CPP14 Debug|Any CPU
		CPP14 Debug|x64 = CPP14 Debug|x64
		CPP14 Debug|x86 = CPP14 Debug|x86
		CPP17 Debug|Any CPU = CPP17 Debug|Any CPU
		CPP17 Debug|x64 = CPP17 Debug|x64
		CPP17 Debug|x86 = CPP17 Debug|x86
		CPP98 Debug|Any CPU = CPP98 Debug|Any CPU
		CPP98 Debug|x64 = CPP98 Debug|x64
		CPP98 Debug|x86 = CPP98 Debug|x86
		Debug|Any CPU = Debug|Any CPU
		Debug|x64 = Debug|x64
		Debug|x86 = Debug|x86
	EndGlobalSection
	GlobalSection(ProjectConfigurationPlatforms) = postSolution
		{0D8637E2-89DD-4600-9576-22D2E28079EF}.CPP11 Debug|Any CPU.ActiveCfg = CPP11 Debug|Win32
		{0D8637E2-89DD-4600-9576-22D2E28079EF}.CPP11 Debug|x64.ActiveCfg = CPP11 Debug|x64
		{0D8637E2-89DD-4600-9576-22D2E28079EF}.CPP11 Debug|x64.Build.0 = CPP11 Debug|x64
		{0D8637E2-89DD-4600-9576-22D2E28079EF}.CPP11 Debug|x86.ActiveCfg = CPP11 Debug|Win32
		{0D8637E2-89DD-4600-9576-22D2E28079EF}.CPP11 Debug|x86.Build.0 = CPP11 Debug|Win32
		{0D8637E2-89DD-4600-9576-22D2E28079EF}.CPP14 Debug|Any CPU.ActiveCfg = CPP14 Debug|Win32
		{0D8637E2-89DD-4600-9576-22D2E28079EF}.CPP14 Debug|x64.ActiveCfg = CPP14 Debug|x64
		{0D8637E2-89DD-4600-9576-22D2E28079EF}.CPP14 Debug|x64.Build.0 = CPP14 Debug|x64
		{0D8637E2-89DD-4600-9576-22D2E28079EF}.CPP14 Debug|x86.ActiveCfg = CPP14 Debug|Win32
		{0D8637E2-89DD-4600-9576-22D2E28079EF}.CPP14 Debug|x86.Build.0 = CPP14 Debug|Win32
		{0D8637E2-89DD-4600-9576-22D2E28079EF}.CPP17 Debug|Any CPU.ActiveCfg = Release|x64
		{0D8637E2-89DD-4600-9576-22D2E28079EF}.CPP17 Debug|Any CPU.Build.0 = Release|x64
		{0D8637E2-89DD-4600-9576-22D2E28079EF}.CPP17 Debug|x64.ActiveCfg = Debug|x64
		{0D8637E2-89DD-4600-9576-22D2E28079EF}.CPP17 Debug|x64.Build.0 = Debug|x64
		{0D8637E2-89DD-4600-9576-22D2E28079EF}.CPP17 Debug|x86.ActiveCfg = Debug|Win32
		{0D8637E2-89DD-4600-9576-22D2E28079EF}.CPP17 Debug|x86.Build.0 = Debug|Win32
		{0D8637E2-89DD-4600-9576-22D2E28079EF}.CPP98 Debug|Any CPU.ActiveCfg = CPP98 Debug|Win32
		{0D8637E2-89DD-4600-9576-22D2E28079EF}.CPP98 Debug|x64.ActiveCfg = CPP98 Debug|x64
		{0D8637E2-89DD-4600-9576-22D2E28079EF}.CPP98 Debug|x64.Build.0 = CPP98 Debug|x64
		{0D8637E2-89DD-4600-9576-22D2E28079EF}.CPP98 Debug|x86.ActiveCfg = CPP98 Debug|Win32
		{0D8637E2-89DD-4600-9576-22D2E28079EF}.CPP98 Debug|x86.Build.0 = CPP98 Debug|Win32
		{0D8637E2-89DD-4600-9576-22D2E28079EF}.Debug|Any CPU.ActiveCfg = Debug|Win32
		{0D8637E2-89DD-4600-9576-22D2E28079EF}.Debug|x64.ActiveCfg = Debug|x64
		{0D8637E2-89DD-4600-9576-22D2E28079EF}.Debug|x64.Build.0 = Debug|x64
		{0D8637E2-89DD-4600-9576-22D2E28079EF}.Debug|x86.ActiveCfg = Debug|Win32
		{0D8637E2-89DD-4600-9576-22D2E28079EF}.Debug|x86.Build.0 = Debug|Win32
		{07253194-3F50-45E4-A391-BE2AB1A5EB0B}.CPP11 Debug|Any CPU.ActiveCfg = CPP14 Debug|Win32
		{07253194-3F50-45E4-A391-BE2AB1A5EB0B}.CPP11 Debug|Any CPU.Build.0 = CPP14 Debug|Win32
		{07253194-3F50-45E4-A391-BE2AB1A5EB0B}.CPP11 Debug|x64.ActiveCfg = Debug|x64
		{07253194-3F50-45E4-A391-BE2AB1A5EB0B}.CPP11 Debug|x64.Build.0 = Debug|x64
		{07253194-3F50-45E4-A391-BE2AB1A5EB0B}.CPP11 Debug|x86.ActiveCfg = CPP11 Debug|Win32
		{07253194-3F50-45E4-A391-BE2AB1A5EB0B}.CPP11 Debug|x86.Build.0 = CPP11 Debug|Win32
		{07253194-3F50-45E4-A391-BE2AB1A5EB0B}.CPP14 Debug|Any CPU.ActiveCfg = CPP14 Debug|Win32
		{07253194-3F50-45E4-A391-BE2AB1A5EB0B}.CPP14 Debug|x64.ActiveCfg = Debug|x64
		{07253194-3F50-45E4-A391-BE2AB1A5EB0B}.CPP14 Debug|x64.Build.0 = Debug|x64
		{07253194-3F50-45E4-A391-BE2AB1A5EB0B}.CPP14 Debug|x86.ActiveCfg = CPP14 Debug|Win32
		{07253194-3F50-45E4-A391-BE2AB1A5EB0B}.CPP14 Debug|x86.Build.0 = CPP14 Debug|Win32
		{07253194-3F50-45E4-A391-BE2AB1A5EB0B}.CPP17 Debug|Any CPU.ActiveCfg = CPP17 Debug|Win32
		{07253194-3F50-45E4-A391-BE2AB1A5EB0B}.CPP17 Debug|x64.ActiveCfg = CPP17 Debug|x64
		{07253194-3F50-45E4-A391-BE2AB1A5EB0B}.CPP17 Debug|x64.Build.0 = CPP17 Debug|x64
		{07253194-3F50-45E4-A391-BE2AB1A5EB0B}.CPP17 Debug|x86.ActiveCfg = CPP17 Debug|Win32
		{07253194-3F50-45E4-A391-BE2AB1A5EB0B}.CPP17 Debug|x86.Build.0 = CPP17 Debug|Win32
		{07253194-3F50-45E4-A391-BE2AB1A5EB0B}.CPP98 Debug|Any CPU.ActiveCfg = CPP98 Debug|Win32
		{07253194-3F50-45E4-A391-BE2AB1A5EB0B}.CPP98 Debug|x64.ActiveCfg = Debug|x64
		{07253194-3F50-45E4-A391-BE2AB1A5EB0B}.CPP98 Debug|x64.Build.0 = Debug|x64
		{07253194-3F50-45E4-A391-BE2AB1A5EB0B}.CPP98 Debug|x86.ActiveCfg = CPP98 Debug|Win32
		{07253194-3F50-45E4-A391-BE2AB1A5EB0B}.CPP98 Debug|x86.Build.0 = CPP98 Debug|Win32
		{07253194-3F50-45E4-A391-BE2AB1A5EB0B}.Debug|Any CPU.ActiveCfg = Debug|Win32
		{07253194-3F50-45E4-A391-BE2AB1A5EB0B}.Debug|x64.ActiveCfg = Debug|x64
		{07253194-3F50-45E4-A391-BE2AB1A5EB0B}.Debug|x64.Build.0 = Debug|x64
		{07253194-3F50-45E4-A391-BE2AB1A5EB0B}.Debug|x86.ActiveCfg = Debug|Win32
		{07253194-3F50-45E4-A391-BE2AB1A5EB0B}.Debug|x86.Build.0 = Debug|Win32
		{9A4D9D75-3643-4F72-AE5F-8F9C369C0BCC}.CPP11 Debug|Any CPU.ActiveCfg = Release|Win32
		{9A4D9D75-3643-4F72-AE5F-8F9C369C0BCC}.CPP11 Debug|Any CPU.Build.0 = Release|Win32
		{9A4D9D75-3643-4F72-AE5F-8F9C369C0BCC}.CPP11 Debug|x64.ActiveCfg = Debug|x64
		{9A4D9D75-3643-4F72-AE5F-8F9C369C0BCC}.CPP11 Debug|x64.Build.0 = Debug|x64
		{9A4D9D75-3643-4F72-AE5F-8F9C369C0BCC}.CPP11 Debug|x86.ActiveCfg = Debug|Win32
		{9A4D9D75-3643-4F72-AE5F-8F9C369C0BCC}.CPP11 Debug|x86.Build.0 = Debug|Win32
		{9A4D9D75-3643-4F72-AE5F-8F9C369C0BCC}.CPP14 Debug|Any CPU.ActiveCfg = Release|Win32
		{9A4D9D75-3643-4F72-AE5F-8F9C369C0BCC}.CPP14 Debug|Any CPU.Build.0 = Release|Win32
		{9A4D9D75-3643-4F72-AE5F-8F9C369C0BCC}.CPP14 Debug|x64.ActiveCfg = Debug|x64
		{9A4D9D75-3643-4F72-AE5F-8F9C369C0BCC}.CPP14 Debug|x64.Build.0 = Debug|x64
		{9A4D9D75-3643-4F72-AE5F-8F9C369C0BCC}.CPP14 Debug|x86.ActiveCfg = Debug|Win32
		{9A4D9D75-3643-4F72-AE5F-8F9C369C0BCC}.CPP14 Debug|x86.Build.0 = Debug|Win32
		{9A4D9D75-3643-4F72-AE5F-8F9C369C0BCC}.CPP17 Debug|Any CPU.ActiveCfg = Release|x64
		{9A4D9D75-3643-4F72-AE5F-8F9C369C0BCC}.CPP17 Debug|Any CPU.Build.0 = Release|x64
		{9A4D9D75-3643-4F72-AE5F-8F9C369C0BCC}.CPP17 Debug|x64.ActiveCfg = Debug|x64
		{9A4D9D75-3643-4F72-AE5F-8F9C369C0BCC}.CPP17 Debug|x64.Build.0 = Debug|x64
		{9A4D9D75-3643-4F72-AE5F-8F9C369C0BCC}.CPP17 Debug|x86.ActiveCfg = Debug|Win32
		{9A4D9D75-3643-4F72-AE5F-8F9C369C0BCC}.CPP17 Debug|x86.Build.0 = Debug|Win32
		{9A4D9D75-3643-4F72-AE5F-8F9C369C0BCC}.CPP98 Debug|Any CPU.ActiveCfg = Release|Win32
		{9A4D9D75-3643-4F72-AE5F-8F9C369C0BCC}.CPP98 Debug|Any CPU.Build.0 = Release|Win32
		{9A4D9D75-3643-4F72-AE5F-8F9C369C0BCC}.CPP98 Debug|x64.ActiveCfg = Debug|x64
		{9A4D9D75-3643-4F72-AE5F-8F9C369C0BCC}.CPP98 Debug|x64.Build.0 = Debug|x64
		{9A4D9D75-3643-4F72-AE5F-8F9C369C0BCC}.CPP98 Debug|x86.ActiveCfg = CPP98 Debug|Win32
		{9A4D9D75-3643-4F72-AE5F-8F9C369C0BCC}.CPP98 Debug|x86.Build.0 = CPP98 Debug|Win32
		{9A4D9D75-3643-4F72-AE5F-8F9C369C0BCC}.Debug|Any CPU.ActiveCfg = Debug|Win32
		{9A4D9D75-3643-4F72-AE5F-8F9C369C0BCC}.Debug|x64.ActiveCfg = Debug|x64
		{9A4D9D75-3643-4F72-AE5F-8F9C369C0BCC}.Debug|x64.Build.0 = Debug|x64
		{9A4D9D75-3643-4F72-AE5F-8F9C369C0BCC}.Debug|x86.ActiveCfg = Debug|Win32
		{9A4D9D75-3643-4F72-AE5F-8F9C369C0BCC}.Debug|x86.Build.0 = Debug|Win32
		{3A37F6ED-E921-44C0-95E3-33BDFC5CC115}.CPP11 Debug|Any CPU.ActiveCfg = Release|Win32
		{3A37F6ED-E921-44C0-95E3-33BDFC5CC115}.CPP11 Debug|Any CPU.Build.0 = Release|Win32
		{3A37F6ED-E921-44C0-95E3-33BDFC5CC115}.CPP11 Debug|x64.ActiveCfg = Debug|x64
		{3A37F6ED-E921-44C0-95E3-33BDFC5CC115}.CPP11 Debug|x64.Build.0 = Debug|x64
		{3A37F6ED-E921-44C0-95E3-33BDFC5CC115}.CPP11 Debug|x86.ActiveCfg = Debug|Win32
		{3A37F6ED-E921-44C0-95E3-33BDFC5CC115}.CPP11 Debug|x86.Build.0 = Debug|Win32
		{3A37F6ED-E921-44C0-95E3-33BDFC5CC115}.CPP14 Debug|Any CPU.ActiveCfg = Release|Win32
		{3A37F6ED-E921-44C0-95E3-33BDFC5CC115}.CPP14 Debug|Any CPU.Build.0 = Release|Win32
		{3A37F6ED-E921-44C0-95E3-33BDFC5CC115}.CPP14 Debug|x64.ActiveCfg = Debug|x64
		{3A37F6ED-E921-44C0-95E3-33BDFC5CC115}.CPP14 Debug|x64.Build.0 = Debug|x64
		{3A37F6ED-E921-44C0-95E3-33BDFC5CC115}.CPP14 Debug|x86.ActiveCfg = Debug|Win32
		{3A37F6ED-E921-44C0-95E3-33BDFC5CC115}.CPP14 Debug|x86.Build.0 = Debug|Win32
		{3A37F6ED-E921-44C0-95E3-33BDFC5CC115}.CPP17 Debug|Any CPU.ActiveCfg = Release|x64
		{3A37F6ED-E921-44C0-95E3-33BDFC5CC115}.CPP17 Debug|Any CPU.Build.0 = Release|x64
		{3A37F6ED-E921-44C0-95E3-33BDFC5CC115}.CPP17 Debug|x64.ActiveCfg = Debug|x64
		{3A37F6ED-E921-44C0-95E3-33BDFC5CC115}.CPP17 Debug|x64.Build.0 = Debug|x64
		{3A37F6ED-E921-44C0-95E3-33BDFC5CC115}.CPP17 Debug|x86.ActiveCfg = Debug|Win32
		{3A37F6ED-E921-44C0-95E3-33BDFC5CC115}.CPP17 Debug|x86.Build.0 = Debug|Win32
		{3A37F6ED-E921-44C0-95E3-33BDFC5CC115}.CPP98 Debug|Any CPU.ActiveCfg = Release|Win32
		{3A37F6ED-E921-44C0-95E3-33BDFC5CC115}.CPP98 Debug|Any CPU.Build.0 = Release|Win32
		{3A37F6ED-E921-44C0-95E3-33BDFC5CC115}.CPP98 Debug|x64.ActiveCfg = Debug|x64
		{3A37F6ED-E921-44C0-95E3-33BDFC5CC115}.CPP98 Debug|x64.Build.0 = Debug|x64
		{3A37F6ED-E921-44C0-95E3-33BDFC5CC115}.CPP98 Debug|x86.ActiveCfg = Debug|Win32
		{3A37F6ED-E921-44C0-95E3-33BDFC5CC115}.CPP98 Debug|x86.Build.0 = Debug|Win32
		{3A37F6ED-E921-44C0-95E3-33BDFC5CC115}.Debug|Any CPU.ActiveCfg = Debug|Win32
		{3A37F6ED-E921-44C0-95E3-33BDFC5CC115}.Debug|x64.ActiveCfg = Debug|x64
		{3A37F6ED-E921-44C0-95E3-33BDFC5CC115}.Debug|x64.Build.0 = Debug|x64
		{3A37F6ED-E921-44C0-95E3-33BDFC5CC115}.Debug|x86.ActiveCfg = Debug|Win32
		{3A37F6ED-E921-44C0-95E3-33BDFC5CC115}.Debug|x86.Build.0 = Debug|Win32
		{DA32B87A-EDB7-4235-A7B6-A8D433E5DC5B}.CPP11 Debug|Any CPU.ActiveCfg = Debug|Any CPU
		{DA32B87A-EDB7-4235-A7B6-A8D433E5DC5B}.CPP11 Debug|Any CPU.Build.0 = Debug|Any CPU
		{DA32B87A-EDB7-4235-A7B6-A8D433E5DC5B}.CPP11 Debug|x64.ActiveCfg = Debug|Any CPU
		{DA32B87A-EDB7-4235-A7B6-A8D433E5DC5B}.CPP11 Debug|x64.Build.0 = Debug|Any CPU
		{DA32B87A-EDB7-4235-A7B6-A8D433E5DC5B}.CPP11 Debug|x86.ActiveCfg = Debug|Any CPU
		{DA32B87A-EDB7-4235-A7B6-A8D433E5DC5B}.CPP11 Debug|x86.Build.0 = Debug|Any CPU
		{DA32B87A-EDB7-4235-A7B6-A8D433E5DC5B}.CPP14 Debug|Any CPU.ActiveCfg = Debug|Any CPU
		{DA32B87A-EDB7-4235-A7B6-A8D433E5DC5B}.CPP14 Debug|Any CPU.Build.0 = Debug|Any CPU
		{DA32B87A-EDB7-4235-A7B6-A8D433E5DC5B}.CPP14 Debug|x64.ActiveCfg = Debug|Any CPU
		{DA32B87A-EDB7-4235-A7B6-A8D433E5DC5B}.CPP14 Debug|x64.Build.0 = Debug|Any CPU
		{DA32B87A-EDB7-4235-A7B6-A8D433E5DC5B}.CPP14 Debug|x86.ActiveCfg = Debug|Any CPU
		{DA32B87A-EDB7-4235-A7B6-A8D433E5DC5B}.CPP14 Debug|x86.Build.0 = Debug|Any CPU
		{DA32B87A-EDB7-4235-A7B6-A8D433E5DC5B}.CPP17 Debug|Any CPU.ActiveCfg = Debug|Any CPU
		{DA32B87A-EDB7-4235-A7B6-A8D433E5DC5B}.CPP17 Debug|Any CPU.Build.0 = Debug|Any CPU
		{DA32B87A-EDB7-4235-A7B6-A8D433E5DC5B}.CPP17 Debug|x64.ActiveCfg = Debug|Any CPU
		{DA32B87A-EDB7-4235-A7B6-A8D433E5DC5B}.CPP17 Debug|x64.Build.0 = Debug|Any CPU
		{DA32B87A-EDB7-4235-A7B6-A8D433E5DC5B}.CPP17 Debug|x86.ActiveCfg = Debug|Any CPU
		{DA32B87A-EDB7-4235-A7B6-A8D433E5DC5B}.CPP17 Debug|x86.Build.0 = Debug|Any CPU
		{DA32B87A-EDB7-4235-A7B6-A8D433E5DC5B}.CPP98 Debug|Any CPU.ActiveCfg = Debug|Any CPU
		{DA32B87A-EDB7-4235-A7B6-A8D433E5DC5B}.CPP98 Debug|Any CPU.Build.0 = Debug|Any CPU
		{DA32B87A-EDB7-4235-A7B6-A8D433E5DC5B}.CPP98 Debug|x64.ActiveCfg = Debug|Any CPU
		{DA32B87A-EDB7-4235-A7B6-A8D433E5DC5B}.CPP98 Debug|x64.Build.0 = Debug|Any CPU
		{DA32B87A-EDB7-4235-A7B6-A8D433E5DC5B}.CPP98 Debug|x86.ActiveCfg = Debug|Any CPU
		{DA32B87A-EDB7-4235-A7B6-A8D433E5DC5B}.CPP98 Debug|x86.Build.0 = Debug|Any CPU
		{DA32B87A-EDB7-4235-A7B6-A8D433E5DC5B}.Debug|Any CPU.ActiveCfg = Debug|Any CPU
		{DA32B87A-EDB7-4235-A7B6-A8D433E5DC5B}.Debug|Any CPU.Build.0 = Debug|Any CPU
		{DA32B87A-EDB7-4235-A7B6-A8D433E5DC5B}.Debug|x64.ActiveCfg = Debug|Any CPU
		{DA32B87A-EDB7-4235-A7B6-A8D433E5DC5B}.Debug|x64.Build.0 = Debug|Any CPU
		{DA32B87A-EDB7-4235-A7B6-A8D433E5DC5B}.Debug|x86.ActiveCfg = Debug|Any CPU
		{DA32B87A-EDB7-4235-A7B6-A8D433E5DC5B}.Debug|x86.Build.0 = Debug|Any CPU
	EndGlobalSection
	GlobalSection(SolutionProperties) = preSolution
		HideSolutionNode = FALSE
	EndGlobalSection
	GlobalSection(NestedProjects) = preSolution
		{07253194-3F50-45E4-A391-BE2AB1A5EB0B} = {ADE55B18-FBC5-483B-B6CB-88236C12DF20}
		{3A37F6ED-E921-44C0-95E3-33BDFC5CC115} = {ADE55B18-FBC5-483B-B6CB-88236C12DF20}
	EndGlobalSection
	GlobalSection(ExtensibilityGlobals) = postSolution
		SolutionGuid = {E96686E8-26FA-43DE-8843-60B9FEA21EE0}
	EndGlobalSection
EndGlobal
